
Microsoft Visual Studio Solution File, Format Version 12.00
# Visual Studio Version 17
VisualStudioVersion = 17.5.002.0
MinimumVisualStudioVersion = 10.0.40219.1
Project("{2150E333-8FDC-42A3-9474-1A3956D46DE8}") = "csharp-prep", "csharp-prep", "{8733CBAA-F04F-4584-B5E1-E0261551BA1E}"
EndProject
Project("{9A19103F-16F7-4668-BE54-9A1E7A4F7556}") = "Prep1", "csharp-prep\Prep1\Prep1.csproj", "{356C11EC-6F72-45D5-ADB0-B54C714089E3}"
EndProject
Project("{9A19103F-16F7-4668-BE54-9A1E7A4F7556}") = "Prep2", "csharp-prep\Prep2\Prep2.csproj", "{6AD6BBD6-2583-4E69-BCAD-34E6A5348AEB}"
EndProject
Project("{9A19103F-16F7-4668-BE54-9A1E7A4F7556}") = "Prep3", "csharp-prep\Prep3\Prep3.csproj", "{A57AE1A6-0BD8-4161-B99A-B5430E7758C2}"
EndProject
Project("{9A19103F-16F7-4668-BE54-9A1E7A4F7556}") = "Prep4", "csharp-prep\Prep4\Prep4.csproj", "{A52DDE48-247A-42A4-82F2-A2DD689FBFE8}"
EndProject
Project("{9A19103F-16F7-4668-BE54-9A1E7A4F7556}") = "Prep5", "csharp-prep\Prep5\Prep5.csproj", "{DB341129-A237-4250-9BB5-BC68BF3E19EA}"
EndProject
Project("{2150E333-8FDC-42A3-9474-1A3956D46DE8}") = "final", "final", "{71FA6F75-F2FE-4B14-8705-115AA2216BF6}"
EndProject
Project("{9A19103F-16F7-4668-BE54-9A1E7A4F7556}") = "FinalProject", "final\FinalProject\FinalProject.csproj", "{69F3F6D4-E8B1-4025-8E96-38B8C8C6936D}"
EndProject
Project("{9A19103F-16F7-4668-BE54-9A1E7A4F7556}") = "Foundation1", "final\Foundation1\Foundation1.csproj", "{047E1323-2274-44EB-A55E-7D7919B72003}"
EndProject
Project("{9A19103F-16F7-4668-BE54-9A1E7A4F7556}") = "Foundation2", "final\Foundation2\Foundation2.csproj", "{00B0B774-BDD7-4F06-9D67-4DA6F8B7187D}"
EndProject
Project("{9A19103F-16F7-4668-BE54-9A1E7A4F7556}") = "Foundation3", "final\Foundation3\Foundation3.csproj", "{87ADD881-CABB-4578-BF22-0AA74C865567}"
EndProject
Project("{9A19103F-16F7-4668-BE54-9A1E7A4F7556}") = "Foundation4", "final\Foundation4\Foundation4.csproj", "{354F142B-9628-4BA1-B721-5A4B7BDADCBA}"
EndProject
Project("{2150E333-8FDC-42A3-9474-1A3956D46DE8}") = "prepare", "prepare", "{3754732A-A189-44D7-A2E0-2D50F515019C}"
EndProject
Project("{9A19103F-16F7-4668-BE54-9A1E7A4F7556}") = "Learning02", "prepare\Learning02\Learning02.csproj", "{5043DB47-687E-4865-A49F-C65A814A2245}"
EndProject
Project("{9A19103F-16F7-4668-BE54-9A1E7A4F7556}") = "Learning03", "prepare\Learning03\Learning03.csproj", "{FF5BA161-AF7D-4700-99BA-68284F3124C2}"
EndProject
Project("{9A19103F-16F7-4668-BE54-9A1E7A4F7556}") = "Learning04", "prepare\Learning04\Learning04.csproj", "{0C0B73C2-0AA7-40A5-96CA-536638DC58E8}"
EndProject
Project("{9A19103F-16F7-4668-BE54-9A1E7A4F7556}") = "Learning05", "prepare\Learning05\Learning05.csproj", "{224EDE24-E20F-4BF8-8693-93CB4A1E2497}"
EndProject
Project("{2150E333-8FDC-42A3-9474-1A3956D46DE8}") = "prove", "prove", "{DF63AFE9-DD4F-4F5D-91C8-C4A5DF0F71B7}"
EndProject
Project("{9A19103F-16F7-4668-BE54-9A1E7A4F7556}") = "Develop02", "prove\Develop02\Develop02.csproj", "{D74A3466-7E19-48A4-849F-4FEC06E7D23B}"
EndProject
Project("{9A19103F-16F7-4668-BE54-9A1E7A4F7556}") = "Develop03", "prove\Develop03\Develop03.csproj", "{C57F642D-9596-4288-A309-06A761345737}"
EndProject
Project("{9A19103F-16F7-4668-BE54-9A1E7A4F7556}") = "Develop04", "prove\Develop04\Develop04.csproj", "{0C861563-F5FC-433E-B941-7D515A6E29A8}"
EndProject
Project("{9A19103F-16F7-4668-BE54-9A1E7A4F7556}") = "Develop05", "prove\Develop05\Develop05.csproj", "{22789B10-DA0F-4CC7-8A29-E7186D249E42}"
EndProject
Project("{2150E333-8FDC-42A3-9474-1A3956D46DE8}") = "sandbox", "sandbox", "{ED84532E-08C2-4C74-A8FF-E0BBCBB1074B}"
EndProject
Project("{9A19103F-16F7-4668-BE54-9A1E7A4F7556}") = "Sandbox", "sandbox\Sandbox\Sandbox.csproj", "{61E6AD75-F956-4743-9C91-8C4AD83A2EBC}"
EndProject
Global
	GlobalSection(SolutionConfigurationPlatforms) = preSolution
		Debug|Any CPU = Debug|Any CPU
		Release|Any CPU = Release|Any CPU
	EndGlobalSection
	GlobalSection(ProjectConfigurationPlatforms) = postSolution
		{356C11EC-6F72-45D5-ADB0-B54C714089E3}.Debug|Any CPU.ActiveCfg = Debug|Any CPU
		{356C11EC-6F72-45D5-ADB0-B54C714089E3}.Debug|Any CPU.Build.0 = Debug|Any CPU
		{356C11EC-6F72-45D5-ADB0-B54C714089E3}.Release|Any CPU.ActiveCfg = Release|Any CPU
		{356C11EC-6F72-45D5-ADB0-B54C714089E3}.Release|Any CPU.Build.0 = Release|Any CPU
		{6AD6BBD6-2583-4E69-BCAD-34E6A5348AEB}.Debug|Any CPU.ActiveCfg = Debug|Any CPU
		{6AD6BBD6-2583-4E69-BCAD-34E6A5348AEB}.Debug|Any CPU.Build.0 = Debug|Any CPU
		{6AD6BBD6-2583-4E69-BCAD-34E6A5348AEB}.Release|Any CPU.ActiveCfg = Release|Any CPU
		{6AD6BBD6-2583-4E69-BCAD-34E6A5348AEB}.Release|Any CPU.Build.0 = Release|Any CPU
		{A57AE1A6-0BD8-4161-B99A-B5430E7758C2}.Debug|Any CPU.ActiveCfg = Debug|Any CPU
		{A57AE1A6-0BD8-4161-B99A-B5430E7758C2}.Debug|Any CPU.Build.0 = Debug|Any CPU
		{A57AE1A6-0BD8-4161-B99A-B5430E7758C2}.Release|Any CPU.ActiveCfg = Release|Any CPU
		{A57AE1A6-0BD8-4161-B99A-B5430E7758C2}.Release|Any CPU.Build.0 = Release|Any CPU
		{A52DDE48-247A-42A4-82F2-A2DD689FBFE8}.Debug|Any CPU.ActiveCfg = Debug|Any CPU
		{A52DDE48-247A-42A4-82F2-A2DD689FBFE8}.Debug|Any CPU.Build.0 = Debug|Any CPU
		{A52DDE48-247A-42A4-82F2-A2DD689FBFE8}.Release|Any CPU.ActiveCfg = Release|Any CPU
		{A52DDE48-247A-42A4-82F2-A2DD689FBFE8}.Release|Any CPU.Build.0 = Release|Any CPU
		{DB341129-A237-4250-9BB5-BC68BF3E19EA}.Debug|Any CPU.ActiveCfg = Debug|Any CPU
		{DB341129-A237-4250-9BB5-BC68BF3E19EA}.Debug|Any CPU.Build.0 = Debug|Any CPU
		{DB341129-A237-4250-9BB5-BC68BF3E19EA}.Release|Any CPU.ActiveCfg = Release|Any CPU
		{DB341129-A237-4250-9BB5-BC68BF3E19EA}.Release|Any CPU.Build.0 = Release|Any CPU
		{69F3F6D4-E8B1-4025-8E96-38B8C8C6936D}.Debug|Any CPU.ActiveCfg = Debug|Any CPU
		{69F3F6D4-E8B1-4025-8E96-38B8C8C6936D}.Debug|Any CPU.Build.0 = Debug|Any CPU
		{69F3F6D4-E8B1-4025-8E96-38B8C8C6936D}.Release|Any CPU.ActiveCfg = Release|Any CPU
		{69F3F6D4-E8B1-4025-8E96-38B8C8C6936D}.Release|Any CPU.Build.0 = Release|Any CPU
		{047E1323-2274-44EB-A55E-7D7919B72003}.Debug|Any CPU.ActiveCfg = Debug|Any CPU
		{047E1323-2274-44EB-A55E-7D7919B72003}.Debug|Any CPU.Build.0 = Debug|Any CPU
		{047E1323-2274-44EB-A55E-7D7919B72003}.Release|Any CPU.ActiveCfg = Release|Any CPU
		{047E1323-2274-44EB-A55E-7D7919B72003}.Release|Any CPU.Build.0 = Release|Any CPU
		{00B0B774-BDD7-4F06-9D67-4DA6F8B7187D}.Debug|Any CPU.ActiveCfg = Debug|Any CPU
		{00B0B774-BDD7-4F06-9D67-4DA6F8B7187D}.Debug|Any CPU.Build.0 = Debug|Any CPU
		{00B0B774-BDD7-4F06-9D67-4DA6F8B7187D}.Release|Any CPU.ActiveCfg = Release|Any CPU
		{00B0B774-BDD7-4F06-9D67-4DA6F8B7187D}.Release|Any CPU.Build.0 = Release|Any CPU
		{87ADD881-CABB-4578-BF22-0AA74C865567}.Debug|Any CPU.ActiveCfg = Debug|Any CPU
		{87ADD881-CABB-4578-BF22-0AA74C865567}.Debug|Any CPU.Build.0 = Debug|Any CPU
		{87ADD881-CABB-4578-BF22-0AA74C865567}.Release|Any CPU.ActiveCfg = Release|Any CPU
		{87ADD881-CABB-4578-BF22-0AA74C865567}.Release|Any CPU.Build.0 = Release|Any CPU
		{354F142B-9628-4BA1-B721-5A4B7BDADCBA}.Debug|Any CPU.ActiveCfg = Debug|Any CPU
		{354F142B-9628-4BA1-B721-5A4B7BDADCBA}.Debug|Any CPU.Build.0 = Debug|Any CPU
		{354F142B-9628-4BA1-B721-5A4B7BDADCBA}.Release|Any CPU.ActiveCfg = Release|Any CPU
		{354F142B-9628-4BA1-B721-5A4B7BDADCBA}.Release|Any CPU.Build.0 = Release|Any CPU
		{5043DB47-687E-4865-A49F-C65A814A2245}.Debug|Any CPU.ActiveCfg = Debug|Any CPU
		{5043DB47-687E-4865-A49F-C65A814A2245}.Debug|Any CPU.Build.0 = Debug|Any CPU
		{5043DB47-687E-4865-A49F-C65A814A2245}.Release|Any CPU.ActiveCfg = Release|Any CPU
		{5043DB47-687E-4865-A49F-C65A814A2245}.Release|Any CPU.Build.0 = Release|Any CPU
		{FF5BA161-AF7D-4700-99BA-68284F3124C2}.Debug|Any CPU.ActiveCfg = Debug|Any CPU
		{FF5BA161-AF7D-4700-99BA-68284F3124C2}.Debug|Any CPU.Build.0 = Debug|Any CPU
		{FF5BA161-AF7D-4700-99BA-68284F3124C2}.Release|Any CPU.ActiveCfg = Release|Any CPU
		{FF5BA161-AF7D-4700-99BA-68284F3124C2}.Release|Any CPU.Build.0 = Release|Any CPU
		{0C0B73C2-0AA7-40A5-96CA-536638DC58E8}.Debug|Any CPU.ActiveCfg = Debug|Any CPU
		{0C0B73C2-0AA7-40A5-96CA-536638DC58E8}.Debug|Any CPU.Build.0 = Debug|Any CPU
		{0C0B73C2-0AA7-40A5-96CA-536638DC58E8}.Release|Any CPU.ActiveCfg = Release|Any CPU
		{0C0B73C2-0AA7-40A5-96CA-536638DC58E8}.Release|Any CPU.Build.0 = Release|Any CPU
		{224EDE24-E20F-4BF8-8693-93CB4A1E2497}.Debug|Any CPU.ActiveCfg = Debug|Any CPU
		{224EDE24-E20F-4BF8-8693-93CB4A1E2497}.Debug|Any CPU.Build.0 = Debug|Any CPU
		{224EDE24-E20F-4BF8-8693-93CB4A1E2497}.Release|Any CPU.ActiveCfg = Release|Any CPU
		{224EDE24-E20F-4BF8-8693-93CB4A1E2497}.Release|Any CPU.Build.0 = Release|Any CPU
		{D74A3466-7E19-48A4-849F-4FEC06E7D23B}.Debug|Any CPU.ActiveCfg = Debug|Any CPU
		{D74A3466-7E19-48A4-849F-4FEC06E7D23B}.Debug|Any CPU.Build.0 = Debug|Any CPU
		{D74A3466-7E19-48A4-849F-4FEC06E7D23B}.Release|Any CPU.ActiveCfg = Release|Any CPU
		{D74A3466-7E19-48A4-849F-4FEC06E7D23B}.Release|Any CPU.Build.0 = Release|Any CPU
		{C57F642D-9596-4288-A309-06A761345737}.Debug|Any CPU.ActiveCfg = Debug|Any CPU
		{C57F642D-9596-4288-A309-06A761345737}.Debug|Any CPU.Build.0 = Debug|Any CPU
		{C57F642D-9596-4288-A309-06A761345737}.Release|Any CPU.ActiveCfg = Release|Any CPU
		{C57F642D-9596-4288-A309-06A761345737}.Release|Any CPU.Build.0 = Release|Any CPU
		{0C861563-F5FC-433E-B941-7D515A6E29A8}.Debug|Any CPU.ActiveCfg = Debug|Any CPU
		{0C861563-F5FC-433E-B941-7D515A6E29A8}.Debug|Any CPU.Build.0 = Debug|Any CPU
		{0C861563-F5FC-433E-B941-7D515A6E29A8}.Release|Any CPU.ActiveCfg = Release|Any CPU
		{0C861563-F5FC-433E-B941-7D515A6E29A8}.Release|Any CPU.Build.0 = Release|Any CPU
		{22789B10-DA0F-4CC7-8A29-E7186D249E42}.Debug|Any CPU.ActiveCfg = Debug|Any CPU
		{22789B10-DA0F-4CC7-8A29-E7186D249E42}.Debug|Any CPU.Build.0 = Debug|Any CPU
		{22789B10-DA0F-4CC7-8A29-E7186D249E42}.Release|Any CPU.ActiveCfg = Release|Any CPU
		{22789B10-DA0F-4CC7-8A29-E7186D249E42}.Release|Any CPU.Build.0 = Release|Any CPU
		{61E6AD75-F956-4743-9C91-8C4AD83A2EBC}.Debug|Any CPU.ActiveCfg = Debug|Any CPU
		{61E6AD75-F956-4743-9C91-8C4AD83A2EBC}.Debug|Any CPU.Build.0 = Debug|Any CPU
		{61E6AD75-F956-4743-9C91-8C4AD83A2EBC}.Release|Any CPU.ActiveCfg = Release|Any CPU
		{61E6AD75-F956-4743-9C91-8C4AD83A2EBC}.Release|Any CPU.Build.0 = Release|Any CPU
	EndGlobalSection
	GlobalSection(SolutionProperties) = preSolution
		HideSolutionNode = FALSE
	EndGlobalSection
	GlobalSection(NestedProjects) = preSolution
		{356C11EC-6F72-45D5-ADB0-B54C714089E3} = {8733CBAA-F04F-4584-B5E1-E0261551BA1E}
		{6AD6BBD6-2583-4E69-BCAD-34E6A5348AEB} = {8733CBAA-F04F-4584-B5E1-E0261551BA1E}
		{A57AE1A6-0BD8-4161-B99A-B5430E7758C2} = {8733CBAA-F04F-4584-B5E1-E0261551BA1E}
		{A52DDE48-247A-42A4-82F2-A2DD689FBFE8} = {8733CBAA-F04F-4584-B5E1-E0261551BA1E}
		{DB341129-A237-4250-9BB5-BC68BF3E19EA} = {8733CBAA-F04F-4584-B5E1-E0261551BA1E}
		{69F3F6D4-E8B1-4025-8E96-38B8C8C6936D} = {71FA6F75-F2FE-4B14-8705-115AA2216BF6}
		{047E1323-2274-44EB-A55E-7D7919B72003} = {71FA6F75-F2FE-4B14-8705-115AA2216BF6}
		{00B0B774-BDD7-4F06-9D67-4DA6F8B7187D} = {71FA6F75-F2FE-4B14-8705-115AA2216BF6}
		{87ADD881-CABB-4578-BF22-0AA74C865567} = {71FA6F75-F2FE-4B14-8705-115AA2216BF6}
		{354F142B-9628-4BA1-B721-5A4B7BDADCBA} = {71FA6F75-F2FE-4B14-8705-115AA2216BF6}
		{5043DB47-687E-4865-A49F-C65A814A2245} = {3754732A-A189-44D7-A2E0-2D50F515019C}
		{FF5BA161-AF7D-4700-99BA-68284F3124C2} = {3754732A-A189-44D7-A2E0-2D50F515019C}
		{0C0B73C2-0AA7-40A5-96CA-536638DC58E8} = {3754732A-A189-44D7-A2E0-2D50F515019C}
		{224EDE24-E20F-4BF8-8693-93CB4A1E2497} = {3754732A-A189-44D7-A2E0-2D50F515019C}
		{D74A3466-7E19-48A4-849F-4FEC06E7D23B} = {DF63AFE9-DD4F-4F5D-91C8-C4A5DF0F71B7}
		{C57F642D-9596-4288-A309-06A761345737} = {DF63AFE9-DD4F-4F5D-91C8-C4A5DF0F71B7}
		{0C861563-F5FC-433E-B941-7D515A6E29A8} = {DF63AFE9-DD4F-4F5D-91C8-C4A5DF0F71B7}
		{22789B10-DA0F-4CC7-8A29-E7186D249E42} = {DF63AFE9-DD4F-4F5D-91C8-C4A5DF0F71B7}
		{61E6AD75-F956-4743-9C91-8C4AD83A2EBC} = {ED84532E-08C2-4C74-A8FF-E0BBCBB1074B}
	EndGlobalSection
	GlobalSection(ExtensibilityGlobals) = postSolution
		SolutionGuid = {A8A176F2-FC1F-44E7-94E8-25C58CA47EEA}
	EndGlobalSection
EndGlobal
